
Microsoft Visual Studio Solution File, Format Version 12.00
# Visual Studio Version 17
VisualStudioVersion = 17.4.33205.214
MinimumVisualStudioVersion = 10.0.40219.1
Project("{8BC9CEB8-8B4A-11D0-8D11-00A0C91BC942}") = "ConsoleApplication1", "ConsoleApplication1\ConsoleApplication1.vcxproj", "{31BCEBA0-F212-42E3-868D-B61CD3C606AC}"
EndProject
Global
	GlobalSection(SolutionConfigurationPlatforms) = preSolution
		Debug|x64 = Debug|x64
		Debug|x86 = Debug|x86
		Release|x64 = Release|x64
		Release|x86 = Release|x86
	EndGlobalSection
	GlobalSection(ProjectConfigurationPlatforms) = postSolution
		{31BCEBA0-F212-42E3-868D-B61CD3C606AC}.Debug|x64.ActiveCfg = Debug|x64
		{31BCEBA0-F212-42E3-868D-B61CD3C606AC}.Debug|x64.Build.0 = Debug|x64
		{31BCEBA0-F212-42E3-868D-B61CD3C606AC}.Debug|x86.ActiveCfg = Debug|Win32
		{31BCEBA0-F212-42E3-868D-B61CD3C606AC}.Debug|x86.Build.0 = Debug|Win32
		{31BCEBA0-F212-42E3-868D-B61CD3C606AC}.Release|x64.ActiveCfg = Release|x64
		{31BCEBA0-F212-42E3-868D-B61CD3C606AC}.Release|x64.Build.0 = Release|x64
		{31BCEBA0-F212-42E3-868D-B61CD3C606AC}.Release|x86.ActiveCfg = Release|Win32
		{31BCEBA0-F212-42E3-868D-B61CD3C606AC}.Release|x86.Build.0 = Release|Win32
	EndGlobalSection
	GlobalSection(SolutionProperties) = preSolution
		HideSolutionNode = FALSE
	EndGlobalSection
	GlobalSection(ExtensibilityGlobals) = postSolution
		SolutionGuid = {EB801347-9843-459D-88E9-43CE212C43FC}
	EndGlobalSection
EndGlobal
